
Microsoft Visual Studio Solution File, Format Version 12.00
# Visual Studio 14
VisualStudioVersion = 14.0.23107.0
MinimumVisualStudioVersion = 10.0.40219.1
Project("{9092AA53-FB77-4645-B42D-1CCCA6BD08BD}") = "Octobot", "Octobot.njsproj", "{5F8155DE-9B3E-4B6E-85D2-D565A2E6F47A}"
EndProject
Global
	GlobalSection(SolutionConfigurationPlatforms) = preSolution
		Debug|Any CPU = Debug|Any CPU
		Release|Any CPU = Release|Any CPU
	EndGlobalSection
	GlobalSection(ProjectConfigurationPlatforms) = postSolution
		{5F8155DE-9B3E-4B6E-85D2-D565A2E6F47A}.Debug|Any CPU.ActiveCfg = Debug|Any CPU
		{5F8155DE-9B3E-4B6E-85D2-D565A2E6F47A}.Debug|Any CPU.Build.0 = Debug|Any CPU
		{5F8155DE-9B3E-4B6E-85D2-D565A2E6F47A}.Release|Any CPU.ActiveCfg = Release|Any CPU
		{5F8155DE-9B3E-4B6E-85D2-D565A2E6F47A}.Release|Any CPU.Build.0 = Release|Any CPU
	EndGlobalSection
	GlobalSection(SolutionProperties) = preSolution
		HideSolutionNode = FALSE
	EndGlobalSection
EndGlobal
